// !$*UTF8*$!
{
	archiveVersion = 1;
	classes = {
	};
	objectVersion = 54;
	objects = {

/* Begin PBXBuildFile section */
		562F554D26452101000F8CAB /* AppDelegate.swift in Sources */ = {isa = PBXBuildFile; fileRef = 562F554C26452101000F8CAB /* AppDelegate.swift */; };
		562F554F26452101000F8CAB /* SceneDelegate.swift in Sources */ = {isa = PBXBuildFile; fileRef = 562F554E26452101000F8CAB /* SceneDelegate.swift */; };
		562F555426452101000F8CAB /* Main.storyboard in Resources */ = {isa = PBXBuildFile; fileRef = 562F555226452101000F8CAB /* Main.storyboard */; };
		562F555626452103000F8CAB /* Assets.xcassets in Resources */ = {isa = PBXBuildFile; fileRef = 562F555526452103000F8CAB /* Assets.xcassets */; };
		562F555926452103000F8CAB /* LaunchScreen.storyboard in Resources */ = {isa = PBXBuildFile; fileRef = 562F555726452103000F8CAB /* LaunchScreen.storyboard */; };
		562F556C26452208000F8CAB /* Colors.xcassets in Resources */ = {isa = PBXBuildFile; fileRef = 562F556B26452208000F8CAB /* Colors.xcassets */; };
		562F556E26452218000F8CAB /* Const.swift in Sources */ = {isa = PBXBuildFile; fileRef = 562F556D26452218000F8CAB /* Const.swift */; };
		562F557A26452252000F8CAB /* ViewExample.swift in Sources */ = {isa = PBXBuildFile; fileRef = 562F557926452252000F8CAB /* ViewExample.swift */; };
		562F557D26452408000F8CAB /* .swiftlint.yml in Resources */ = {isa = PBXBuildFile; fileRef = 562F557C26452408000F8CAB /* .swiftlint.yml */; };
		565A1F0527056C47000CAB1B /* CalendarViewController.swift in Sources */ = {isa = PBXBuildFile; fileRef = 565A1F0427056C47000CAB1B /* CalendarViewController.swift */; };
		565A1F0827056C7E000CAB1B /* Calendar.storyboard in Resources */ = {isa = PBXBuildFile; fileRef = 565A1F0727056C7E000CAB1B /* Calendar.storyboard */; };
		565A1F0B2705EEC8000CAB1B /* LoginMethod.storyboard in Resources */ = {isa = PBXBuildFile; fileRef = 565A1F0A2705EEC8000CAB1B /* LoginMethod.storyboard */; };
		565A1F152706F58F000CAB1B /* CalendarCollectionViewCell.swift in Sources */ = {isa = PBXBuildFile; fileRef = 565A1F132706F58F000CAB1B /* CalendarCollectionViewCell.swift */; };
		565A1F162706F58F000CAB1B /* CalendarCollectionViewCell.xib in Resources */ = {isa = PBXBuildFile; fileRef = 565A1F142706F58F000CAB1B /* CalendarCollectionViewCell.xib */; };
		565A1F182706FC22000CAB1B /* AppMonth.swift in Sources */ = {isa = PBXBuildFile; fileRef = 565A1F172706FC22000CAB1B /* AppMonth.swift */; };
		565A1F1B2707073E000CAB1B /* Calendar.swift in Sources */ = {isa = PBXBuildFile; fileRef = 565A1F1A2707073E000CAB1B /* Calendar.swift */; };
		565A1F1D27070768000CAB1B /* Tracker.swift in Sources */ = {isa = PBXBuildFile; fileRef = 565A1F1C27070768000CAB1B /* Tracker.swift */; };
		567840FD265E211300BDBF26 /* UINavigationController+Extension.swift in Sources */ = {isa = PBXBuildFile; fileRef = 567840FC265E211300BDBF26 /* UINavigationController+Extension.swift */; };
		567BF244265A571300285956 /* CoverCalendar.storyboard in Resources */ = {isa = PBXBuildFile; fileRef = 567BF243265A571300285956 /* CoverCalendar.storyboard */; };
		567BF246265A5BBE00285956 /* CoverUserPhoto.storyboard in Resources */ = {isa = PBXBuildFile; fileRef = 567BF245265A5BBE00285956 /* CoverUserPhoto.storyboard */; };
		567BF248265A604100285956 /* CoverCalendarViewController.swift in Sources */ = {isa = PBXBuildFile; fileRef = 567BF247265A604100285956 /* CoverCalendarViewController.swift */; };
		567BF24A265A626100285956 /* Storyboard.swift in Sources */ = {isa = PBXBuildFile; fileRef = 567BF249265A626100285956 /* Storyboard.swift */; };
		567BF24C265A62C000285956 /* ViewController.swift in Sources */ = {isa = PBXBuildFile; fileRef = 567BF24B265A62C000285956 /* ViewController.swift */; };
		5686FA4E265A728600B7B9D5 /* CoverUserPhotoViewController.swift in Sources */ = {isa = PBXBuildFile; fileRef = 5686FA4D265A728600B7B9D5 /* CoverUserPhotoViewController.swift */; };
		56924E09265635ED00745273 /* LoginMethodViewController.swift in Sources */ = {isa = PBXBuildFile; fileRef = 56924E08265635ED00745273 /* LoginMethodViewController.swift */; };
		56924E0B265648EB00745273 /* UIView+Extension.swift in Sources */ = {isa = PBXBuildFile; fileRef = 56924E0A265648EB00745273 /* UIView+Extension.swift */; };
		56EE71BB265E165B005AC12A /* Concept.storyboard in Resources */ = {isa = PBXBuildFile; fileRef = 56EE71BA265E165B005AC12A /* Concept.storyboard */; };
		56EE71BD265E18BA005AC12A /* ConceptViewController.swift in Sources */ = {isa = PBXBuildFile; fileRef = 56EE71BC265E18BA005AC12A /* ConceptViewController.swift */; };
		F065790638E6CE247683CA74 /* Pods_popo.framework in Frameworks */ = {isa = PBXBuildFile; fileRef = 9900D9492EE36CE1A8C04071 /* Pods_popo.framework */; };
		F816E65A26FC62FD000C0270 /* PopoService.swift in Sources */ = {isa = PBXBuildFile; fileRef = F816E65926FC62FD000C0270 /* PopoService.swift */; };
		F816E65D26FC631F000C0270 /* FetchPopoListAPI.swift in Sources */ = {isa = PBXBuildFile; fileRef = F816E65C26FC631F000C0270 /* FetchPopoListAPI.swift */; };
		F816E66026FC6441000C0270 /* TempAPI.swift in Sources */ = {isa = PBXBuildFile; fileRef = F816E65F26FC6441000C0270 /* TempAPI.swift */; };
		F816E66226FC6CAB000C0270 /* URL.swift in Sources */ = {isa = PBXBuildFile; fileRef = F816E66126FC6CAB000C0270 /* URL.swift */; };
		F84AA56C27057633008D77ED /* Xib.swift in Sources */ = {isa = PBXBuildFile; fileRef = F84AA56B27057633008D77ED /* Xib.swift */; };
		F8624C5F26B43ADB0067C9DC /* UIColor+Extension.swift in Sources */ = {isa = PBXBuildFile; fileRef = F8624C5E26B43ADB0067C9DC /* UIColor+Extension.swift */; };
		F8731B02265BE4B400770760 /* Onboarding.storyboard in Resources */ = {isa = PBXBuildFile; fileRef = F8731B01265BE4B400770760 /* Onboarding.storyboard */; };
		F8731B0A265C019200770760 /* ConceptSelectViewController.swift in Sources */ = {isa = PBXBuildFile; fileRef = F8731B09265C019200770760 /* ConceptSelectViewController.swift */; };
		F8731B0C265C01A800770760 /* ConceptSelect.storyboard in Resources */ = {isa = PBXBuildFile; fileRef = F8731B0B265C01A800770760 /* ConceptSelect.storyboard */; };
		F8731B0F265C05E900770760 /* ConceptSelectCollectionViewCell.swift in Sources */ = {isa = PBXBuildFile; fileRef = F8731B0D265C05E900770760 /* ConceptSelectCollectionViewCell.swift */; };
		F8731B10265C05E900770760 /* ConceptSelectCollectionViewCell.xib in Resources */ = {isa = PBXBuildFile; fileRef = F8731B0E265C05E900770760 /* ConceptSelectCollectionViewCell.xib */; };
		F873648226A668DE00F121DC /* OnboardingViewController.swift in Sources */ = {isa = PBXBuildFile; fileRef = F873648126A668DE00F121DC /* OnboardingViewController.swift */; };
		F873648526A6A5E500F121DC /* OnboardingCollectionViewCell.swift in Sources */ = {isa = PBXBuildFile; fileRef = F873648326A6A5E500F121DC /* OnboardingCollectionViewCell.swift */; };
		F873648626A6A5E500F121DC /* OnboardingCollectionViewCell.xib in Resources */ = {isa = PBXBuildFile; fileRef = F873648426A6A5E500F121DC /* OnboardingCollectionViewCell.xib */; };
		F873648B26A6A92600F121DC /* OnboardingDescriptionModel.swift in Sources */ = {isa = PBXBuildFile; fileRef = F873648A26A6A92600F121DC /* OnboardingDescriptionModel.swift */; };
		F881A73E26FC191400AEE21E /* ConceptData.swift in Sources */ = {isa = PBXBuildFile; fileRef = F881A73D26FC191400AEE21E /* ConceptData.swift */; };
		F881A74026FC50B200AEE21E /* GenericResponse.swift in Sources */ = {isa = PBXBuildFile; fileRef = F881A73F26FC50B200AEE21E /* GenericResponse.swift */; };
		F881A74226FC588400AEE21E /* NetworkResult.swift in Sources */ = {isa = PBXBuildFile; fileRef = F881A74126FC588400AEE21E /* NetworkResult.swift */; };
		F8967D8E26F9FA6100F034E3 /* CategoryViewController.swift in Sources */ = {isa = PBXBuildFile; fileRef = F8967D8C26F9FA6100F034E3 /* CategoryViewController.swift */; };
		F8967D9326FA01F300F034E3 /* CategoryCollectionViewCell.swift in Sources */ = {isa = PBXBuildFile; fileRef = F8967D9126FA01F300F034E3 /* CategoryCollectionViewCell.swift */; };
		F8967D9426FA01F300F034E3 /* CategoryCollectionViewCell.xib in Resources */ = {isa = PBXBuildFile; fileRef = F8967D9226FA01F300F034E3 /* CategoryCollectionViewCell.xib */; };
		F8967D9626FA090500F034E3 /* Category.storyboard in Resources */ = {isa = PBXBuildFile; fileRef = F8967D9526FA090500F034E3 /* Category.storyboard */; };
		F8C284DC265CCD2300B41054 /* CoverColor.storyboard in Resources */ = {isa = PBXBuildFile; fileRef = F8C284DB265CCD2300B41054 /* CoverColor.storyboard */; };
		F8C284DE265CCD4500B41054 /* CoverColorViewController.swift in Sources */ = {isa = PBXBuildFile; fileRef = F8C284DD265CCD4500B41054 /* CoverColorViewController.swift */; };
		F8C284E0265CD4DE00B41054 /* CoverGradient.storyboard in Resources */ = {isa = PBXBuildFile; fileRef = F8C284DF265CD4DE00B41054 /* CoverGradient.storyboard */; };
		F8C284E2265CD4EB00B41054 /* CoverGradientViewController.swift in Sources */ = {isa = PBXBuildFile; fileRef = F8C284E1265CD4EB00B41054 /* CoverGradientViewController.swift */; };
/* End PBXBuildFile section */

/* Begin PBXFileReference section */
		46D416DBDAAD31ECC66F3B35 /* Pods-popo.debug.xcconfig */ = {isa = PBXFileReference; includeInIndex = 1; lastKnownFileType = text.xcconfig; name = "Pods-popo.debug.xcconfig"; path = "Target Support Files/Pods-popo/Pods-popo.debug.xcconfig"; sourceTree = "<group>"; };
		562F554926452101000F8CAB /* popo.app */ = {isa = PBXFileReference; explicitFileType = wrapper.application; includeInIndex = 0; path = popo.app; sourceTree = BUILT_PRODUCTS_DIR; };
		562F554C26452101000F8CAB /* AppDelegate.swift */ = {isa = PBXFileReference; lastKnownFileType = sourcecode.swift; path = AppDelegate.swift; sourceTree = "<group>"; };
		562F554E26452101000F8CAB /* SceneDelegate.swift */ = {isa = PBXFileReference; lastKnownFileType = sourcecode.swift; path = SceneDelegate.swift; sourceTree = "<group>"; };
		562F555326452101000F8CAB /* Base */ = {isa = PBXFileReference; lastKnownFileType = file.storyboard; name = Base; path = Base.lproj/Main.storyboard; sourceTree = "<group>"; };
		562F555526452103000F8CAB /* Assets.xcassets */ = {isa = PBXFileReference; lastKnownFileType = folder.assetcatalog; path = Assets.xcassets; sourceTree = "<group>"; };
		562F555826452103000F8CAB /* Base */ = {isa = PBXFileReference; lastKnownFileType = file.storyboard; name = Base; path = Base.lproj/LaunchScreen.storyboard; sourceTree = "<group>"; };
		562F555A26452103000F8CAB /* Info.plist */ = {isa = PBXFileReference; lastKnownFileType = text.plist.xml; path = Info.plist; sourceTree = "<group>"; };
		562F556B26452208000F8CAB /* Colors.xcassets */ = {isa = PBXFileReference; lastKnownFileType = folder.assetcatalog; path = Colors.xcassets; sourceTree = "<group>"; };
		562F556D26452218000F8CAB /* Const.swift */ = {isa = PBXFileReference; lastKnownFileType = sourcecode.swift; path = Const.swift; sourceTree = "<group>"; };
		562F557926452252000F8CAB /* ViewExample.swift */ = {isa = PBXFileReference; lastKnownFileType = sourcecode.swift; path = ViewExample.swift; sourceTree = "<group>"; };
		562F557C26452408000F8CAB /* .swiftlint.yml */ = {isa = PBXFileReference; lastKnownFileType = text.yaml; path = .swiftlint.yml; sourceTree = "<group>"; };
		565A1F0427056C47000CAB1B /* CalendarViewController.swift */ = {isa = PBXFileReference; lastKnownFileType = sourcecode.swift; path = CalendarViewController.swift; sourceTree = "<group>"; };
		565A1F0727056C7E000CAB1B /* Calendar.storyboard */ = {isa = PBXFileReference; lastKnownFileType = file.storyboard; path = Calendar.storyboard; sourceTree = "<group>"; };
		565A1F0A2705EEC8000CAB1B /* LoginMethod.storyboard */ = {isa = PBXFileReference; fileEncoding = 4; lastKnownFileType = file.storyboard; path = LoginMethod.storyboard; sourceTree = "<group>"; };
		565A1F132706F58F000CAB1B /* CalendarCollectionViewCell.swift */ = {isa = PBXFileReference; lastKnownFileType = sourcecode.swift; path = CalendarCollectionViewCell.swift; sourceTree = "<group>"; };
		565A1F142706F58F000CAB1B /* CalendarCollectionViewCell.xib */ = {isa = PBXFileReference; lastKnownFileType = file.xib; path = CalendarCollectionViewCell.xib; sourceTree = "<group>"; };
		565A1F172706FC22000CAB1B /* AppMonth.swift */ = {isa = PBXFileReference; lastKnownFileType = sourcecode.swift; path = AppMonth.swift; sourceTree = "<group>"; };
		565A1F1A2707073E000CAB1B /* Calendar.swift */ = {isa = PBXFileReference; lastKnownFileType = sourcecode.swift; path = Calendar.swift; sourceTree = "<group>"; };
		565A1F1C27070768000CAB1B /* Tracker.swift */ = {isa = PBXFileReference; lastKnownFileType = sourcecode.swift; path = Tracker.swift; sourceTree = "<group>"; };
		567840FC265E211300BDBF26 /* UINavigationController+Extension.swift */ = {isa = PBXFileReference; lastKnownFileType = sourcecode.swift; path = "UINavigationController+Extension.swift"; sourceTree = "<group>"; };
		567BF243265A571300285956 /* CoverCalendar.storyboard */ = {isa = PBXFileReference; lastKnownFileType = file.storyboard; path = CoverCalendar.storyboard; sourceTree = "<group>"; };
		567BF245265A5BBE00285956 /* CoverUserPhoto.storyboard */ = {isa = PBXFileReference; lastKnownFileType = file.storyboard; path = CoverUserPhoto.storyboard; sourceTree = "<group>"; };
		567BF247265A604100285956 /* CoverCalendarViewController.swift */ = {isa = PBXFileReference; lastKnownFileType = sourcecode.swift; path = CoverCalendarViewController.swift; sourceTree = "<group>"; };
		567BF249265A626100285956 /* Storyboard.swift */ = {isa = PBXFileReference; lastKnownFileType = sourcecode.swift; path = Storyboard.swift; sourceTree = "<group>"; };
		567BF24B265A62C000285956 /* ViewController.swift */ = {isa = PBXFileReference; lastKnownFileType = sourcecode.swift; path = ViewController.swift; sourceTree = "<group>"; };
		5686FA4D265A728600B7B9D5 /* CoverUserPhotoViewController.swift */ = {isa = PBXFileReference; lastKnownFileType = sourcecode.swift; path = CoverUserPhotoViewController.swift; sourceTree = "<group>"; };
		56924E08265635ED00745273 /* LoginMethodViewController.swift */ = {isa = PBXFileReference; lastKnownFileType = sourcecode.swift; path = LoginMethodViewController.swift; sourceTree = "<group>"; };
		56924E0A265648EB00745273 /* UIView+Extension.swift */ = {isa = PBXFileReference; lastKnownFileType = sourcecode.swift; path = "UIView+Extension.swift"; sourceTree = "<group>"; };
		56EE71BA265E165B005AC12A /* Concept.storyboard */ = {isa = PBXFileReference; lastKnownFileType = file.storyboard; path = Concept.storyboard; sourceTree = "<group>"; };
		56EE71BC265E18BA005AC12A /* ConceptViewController.swift */ = {isa = PBXFileReference; lastKnownFileType = sourcecode.swift; path = ConceptViewController.swift; sourceTree = "<group>"; };
		9900D9492EE36CE1A8C04071 /* Pods_popo.framework */ = {isa = PBXFileReference; explicitFileType = wrapper.framework; includeInIndex = 0; path = Pods_popo.framework; sourceTree = BUILT_PRODUCTS_DIR; };
		C232EAFF605BCD2CA3B4168B /* Pods-popo.release.xcconfig */ = {isa = PBXFileReference; includeInIndex = 1; lastKnownFileType = text.xcconfig; name = "Pods-popo.release.xcconfig"; path = "Target Support Files/Pods-popo/Pods-popo.release.xcconfig"; sourceTree = "<group>"; };
		F816E65926FC62FD000C0270 /* PopoService.swift */ = {isa = PBXFileReference; lastKnownFileType = sourcecode.swift; path = PopoService.swift; sourceTree = "<group>"; };
		F816E65C26FC631F000C0270 /* FetchPopoListAPI.swift */ = {isa = PBXFileReference; lastKnownFileType = sourcecode.swift; path = FetchPopoListAPI.swift; sourceTree = "<group>"; };
		F816E65F26FC6441000C0270 /* TempAPI.swift */ = {isa = PBXFileReference; lastKnownFileType = sourcecode.swift; path = TempAPI.swift; sourceTree = "<group>"; };
		F816E66126FC6CAB000C0270 /* URL.swift */ = {isa = PBXFileReference; lastKnownFileType = sourcecode.swift; path = URL.swift; sourceTree = "<group>"; };
		F84AA56B27057633008D77ED /* Xib.swift */ = {isa = PBXFileReference; lastKnownFileType = sourcecode.swift; path = Xib.swift; sourceTree = "<group>"; };
		F8624C5E26B43ADB0067C9DC /* UIColor+Extension.swift */ = {isa = PBXFileReference; lastKnownFileType = sourcecode.swift; path = "UIColor+Extension.swift"; sourceTree = "<group>"; };
		F8731B01265BE4B400770760 /* Onboarding.storyboard */ = {isa = PBXFileReference; lastKnownFileType = file.storyboard; path = Onboarding.storyboard; sourceTree = "<group>"; };
		F8731B09265C019200770760 /* ConceptSelectViewController.swift */ = {isa = PBXFileReference; lastKnownFileType = sourcecode.swift; path = ConceptSelectViewController.swift; sourceTree = "<group>"; };
		F8731B0B265C01A800770760 /* ConceptSelect.storyboard */ = {isa = PBXFileReference; lastKnownFileType = file.storyboard; path = ConceptSelect.storyboard; sourceTree = "<group>"; };
		F8731B0D265C05E900770760 /* ConceptSelectCollectionViewCell.swift */ = {isa = PBXFileReference; lastKnownFileType = sourcecode.swift; path = ConceptSelectCollectionViewCell.swift; sourceTree = "<group>"; };
		F8731B0E265C05E900770760 /* ConceptSelectCollectionViewCell.xib */ = {isa = PBXFileReference; lastKnownFileType = file.xib; path = ConceptSelectCollectionViewCell.xib; sourceTree = "<group>"; };
		F873648126A668DE00F121DC /* OnboardingViewController.swift */ = {isa = PBXFileReference; lastKnownFileType = sourcecode.swift; path = OnboardingViewController.swift; sourceTree = "<group>"; };
		F873648326A6A5E500F121DC /* OnboardingCollectionViewCell.swift */ = {isa = PBXFileReference; lastKnownFileType = sourcecode.swift; path = OnboardingCollectionViewCell.swift; sourceTree = "<group>"; };
		F873648426A6A5E500F121DC /* OnboardingCollectionViewCell.xib */ = {isa = PBXFileReference; lastKnownFileType = file.xib; path = OnboardingCollectionViewCell.xib; sourceTree = "<group>"; };
		F873648A26A6A92600F121DC /* OnboardingDescriptionModel.swift */ = {isa = PBXFileReference; lastKnownFileType = sourcecode.swift; path = OnboardingDescriptionModel.swift; sourceTree = "<group>"; };
		F881A73D26FC191400AEE21E /* ConceptData.swift */ = {isa = PBXFileReference; lastKnownFileType = sourcecode.swift; path = ConceptData.swift; sourceTree = "<group>"; };
		F881A73F26FC50B200AEE21E /* GenericResponse.swift */ = {isa = PBXFileReference; lastKnownFileType = sourcecode.swift; path = GenericResponse.swift; sourceTree = "<group>"; };
		F881A74126FC588400AEE21E /* NetworkResult.swift */ = {isa = PBXFileReference; lastKnownFileType = sourcecode.swift; path = NetworkResult.swift; sourceTree = "<group>"; };
		F8967D8C26F9FA6100F034E3 /* CategoryViewController.swift */ = {isa = PBXFileReference; lastKnownFileType = sourcecode.swift; path = CategoryViewController.swift; sourceTree = "<group>"; };
		F8967D9126FA01F300F034E3 /* CategoryCollectionViewCell.swift */ = {isa = PBXFileReference; lastKnownFileType = sourcecode.swift; path = CategoryCollectionViewCell.swift; sourceTree = "<group>"; };
		F8967D9226FA01F300F034E3 /* CategoryCollectionViewCell.xib */ = {isa = PBXFileReference; lastKnownFileType = file.xib; path = CategoryCollectionViewCell.xib; sourceTree = "<group>"; };
		F8967D9526FA090500F034E3 /* Category.storyboard */ = {isa = PBXFileReference; lastKnownFileType = file.storyboard; path = Category.storyboard; sourceTree = "<group>"; };
		F8C284DB265CCD2300B41054 /* CoverColor.storyboard */ = {isa = PBXFileReference; lastKnownFileType = file.storyboard; path = CoverColor.storyboard; sourceTree = "<group>"; };
		F8C284DD265CCD4500B41054 /* CoverColorViewController.swift */ = {isa = PBXFileReference; lastKnownFileType = sourcecode.swift; path = CoverColorViewController.swift; sourceTree = "<group>"; };
		F8C284DF265CD4DE00B41054 /* CoverGradient.storyboard */ = {isa = PBXFileReference; lastKnownFileType = file.storyboard; path = CoverGradient.storyboard; sourceTree = "<group>"; };
		F8C284E1265CD4EB00B41054 /* CoverGradientViewController.swift */ = {isa = PBXFileReference; lastKnownFileType = sourcecode.swift; path = CoverGradientViewController.swift; sourceTree = "<group>"; };
/* End PBXFileReference section */

/* Begin PBXFrameworksBuildPhase section */
		562F554626452101000F8CAB /* Frameworks */ = {
			isa = PBXFrameworksBuildPhase;
			buildActionMask = 2147483647;
			files = (
				F065790638E6CE247683CA74 /* Pods_popo.framework in Frameworks */,
			);
			runOnlyForDeploymentPostprocessing = 0;
		};
/* End PBXFrameworksBuildPhase section */

/* Begin PBXGroup section */
		3675003685CF5F5F00F49B8B /* Pods */ = {
			isa = PBXGroup;
			children = (
				46D416DBDAAD31ECC66F3B35 /* Pods-popo.debug.xcconfig */,
				C232EAFF605BCD2CA3B4168B /* Pods-popo.release.xcconfig */,
			);
			path = Pods;
			sourceTree = "<group>";
		};
		562F554026452101000F8CAB = {
			isa = PBXGroup;
			children = (
				562F557C26452408000F8CAB /* .swiftlint.yml */,
				562F554B26452101000F8CAB /* popo */,
				562F554A26452101000F8CAB /* Products */,
				3675003685CF5F5F00F49B8B /* Pods */,
				8FD1E6BDEB079F1C802D413D /* Frameworks */,
			);
			sourceTree = "<group>";
		};
		562F554A26452101000F8CAB /* Products */ = {
			isa = PBXGroup;
			children = (
				562F554926452101000F8CAB /* popo.app */,
			);
			name = Products;
			sourceTree = "<group>";
		};
		562F554B26452101000F8CAB /* popo */ = {
			isa = PBXGroup;
			children = (
				562F5568264521E8000F8CAB /* Resources */,
				562F5560264521B6000F8CAB /* Sources */,
			);
			path = popo;
			sourceTree = "<group>";
		};
		562F5560264521B6000F8CAB /* Sources */ = {
			isa = PBXGroup;
			children = (
				562F554C26452101000F8CAB /* AppDelegate.swift */,
				562F554E26452101000F8CAB /* SceneDelegate.swift */,
				562F5567264521DC000F8CAB /* APIServices */,
				562F5566264521D8000F8CAB /* APIModel */,
				562F5565264521D1000F8CAB /* AppModel */,
				562F5564264521CC000F8CAB /* Extension */,
				562F5563264521C6000F8CAB /* Cell */,
				562F5562264521C2000F8CAB /* View */,
				562F5561264521BB000F8CAB /* ViewController */,
			);
			path = Sources;
			sourceTree = "<group>";
		};
		562F5561264521BB000F8CAB /* ViewController */ = {
			isa = PBXGroup;
			children = (
				F873648926A6A61300F121DC /* Login */,
				F873648826A6A60A00F121DC /* Onboarding */,
				565A1F0327056C2F000CAB1B /* Calendar */,
				F8967D8126F9F66A00F034E3 /* PopoConcept */,
			);
			path = ViewController;
			sourceTree = "<group>";
		};
		562F5562264521C2000F8CAB /* View */ = {
			isa = PBXGroup;
			children = (
				562F557926452252000F8CAB /* ViewExample.swift */,
			);
			path = View;
			sourceTree = "<group>";
		};
		562F5563264521C6000F8CAB /* Cell */ = {
			isa = PBXGroup;
			children = (
				F8967D9026FA01C400F034E3 /* PopoConcept */,
				F873648726A6A60100F121DC /* Onboarding */,
				565A1F122706F577000CAB1B /* Calendar */,
			);
			path = Cell;
			sourceTree = "<group>";
		};
		562F5564264521CC000F8CAB /* Extension */ = {
			isa = PBXGroup;
			children = (
				56924E0A265648EB00745273 /* UIView+Extension.swift */,
				567840FC265E211300BDBF26 /* UINavigationController+Extension.swift */,
				F8624C5E26B43ADB0067C9DC /* UIColor+Extension.swift */,
			);
			path = Extension;
			sourceTree = "<group>";
		};
		562F5565264521D1000F8CAB /* AppModel */ = {
			isa = PBXGroup;
			children = (
				F873648C26A6A92900F121DC /* Onboarding */,
				565A1F172706FC22000CAB1B /* AppMonth.swift */,
			);
			path = AppModel;
			sourceTree = "<group>";
		};
		562F5566264521D8000F8CAB /* APIModel */ = {
			isa = PBXGroup;
			children = (
				F881A74126FC588400AEE21E /* NetworkResult.swift */,
				F881A73F26FC50B200AEE21E /* GenericResponse.swift */,
				F881A73C26FC18E100AEE21E /* PopoConcept */,
				565A1F1927070730000CAB1B /* Calendar */,
			);
			path = APIModel;
			sourceTree = "<group>";
		};
		562F5567264521DC000F8CAB /* APIServices */ = {
			isa = PBXGroup;
			children = (
				F816E65E26FC6413000C0270 /* TrackerAPI */,
				F816E65B26FC6306000C0270 /* PopoAPI */,
			);
			path = APIServices;
			sourceTree = "<group>";
		};
		562F5568264521E8000F8CAB /* Resources */ = {
			isa = PBXGroup;
			children = (
				562F555A26452103000F8CAB /* Info.plist */,
				562F555526452103000F8CAB /* Assets.xcassets */,
				562F556B26452208000F8CAB /* Colors.xcassets */,
				562F556A264521F1000F8CAB /* Constant */,
				562F5569264521ED000F8CAB /* Storyboard */,
			);
			path = Resources;
			sourceTree = "<group>";
		};
		562F5569264521ED000F8CAB /* Storyboard */ = {
			isa = PBXGroup;
			children = (
				562F555726452103000F8CAB /* LaunchScreen.storyboard */,
				562F555226452101000F8CAB /* Main.storyboard */,
				565A1F092705EEC8000CAB1B /* Login */,
				F88491BF26B2DF28007590E9 /* Onboarding */,
				565A1F0627056C6C000CAB1B /* Calendar */,
				F8967D8726F9F6B500F034E3 /* PopoConcept */,
			);
			path = Storyboard;
			sourceTree = "<group>";
		};
		562F556A264521F1000F8CAB /* Constant */ = {
			isa = PBXGroup;
			children = (
				562F556D26452218000F8CAB /* Const.swift */,
				567BF249265A626100285956 /* Storyboard.swift */,
				567BF24B265A62C000285956 /* ViewController.swift */,
				F816E66126FC6CAB000C0270 /* URL.swift */,
				F84AA56B27057633008D77ED /* Xib.swift */,
			);
			path = Constant;
			sourceTree = "<group>";
		};
		565A1F0327056C2F000CAB1B /* Calendar */ = {
			isa = PBXGroup;
			children = (
				565A1F0427056C47000CAB1B /* CalendarViewController.swift */,
			);
			path = Calendar;
			sourceTree = "<group>";
		};
		565A1F0627056C6C000CAB1B /* Calendar */ = {
			isa = PBXGroup;
			children = (
				565A1F0727056C7E000CAB1B /* Calendar.storyboard */,
			);
			path = Calendar;
			sourceTree = "<group>";
		};
		565A1F092705EEC8000CAB1B /* Login */ = {
			isa = PBXGroup;
			children = (
				565A1F0A2705EEC8000CAB1B /* LoginMethod.storyboard */,
			);
			path = Login;
			sourceTree = "<group>";
		};
		565A1F122706F577000CAB1B /* Calendar */ = {
			isa = PBXGroup;
			children = (
				565A1F142706F58F000CAB1B /* CalendarCollectionViewCell.xib */,
				565A1F132706F58F000CAB1B /* CalendarCollectionViewCell.swift */,
			);
			path = Calendar;
			sourceTree = "<group>";
		};
		565A1F1927070730000CAB1B /* Calendar */ = {
			isa = PBXGroup;
			children = (
				565A1F1A2707073E000CAB1B /* Calendar.swift */,
				565A1F1C27070768000CAB1B /* Tracker.swift */,
			);
			path = Calendar;
			sourceTree = "<group>";
		};
		8FD1E6BDEB079F1C802D413D /* Frameworks */ = {
			isa = PBXGroup;
			children = (
				9900D9492EE36CE1A8C04071 /* Pods_popo.framework */,
			);
			name = Frameworks;
			sourceTree = "<group>";
		};
		F816E65B26FC6306000C0270 /* PopoAPI */ = {
			isa = PBXGroup;
			children = (
				F816E65926FC62FD000C0270 /* PopoService.swift */,
				F816E65C26FC631F000C0270 /* FetchPopoListAPI.swift */,
			);
			path = PopoAPI;
			sourceTree = "<group>";
		};
		F816E65E26FC6413000C0270 /* TrackerAPI */ = {
			isa = PBXGroup;
			children = (
				F816E65F26FC6441000C0270 /* TempAPI.swift */,
			);
			path = TrackerAPI;
			sourceTree = "<group>";
		};
		F873648726A6A60100F121DC /* Onboarding */ = {
			isa = PBXGroup;
			children = (
				F873648326A6A5E500F121DC /* OnboardingCollectionViewCell.swift */,
				F873648426A6A5E500F121DC /* OnboardingCollectionViewCell.xib */,
				F8731B0D265C05E900770760 /* ConceptSelectCollectionViewCell.swift */,
				F8731B0E265C05E900770760 /* ConceptSelectCollectionViewCell.xib */,
			);
			path = Onboarding;
			sourceTree = "<group>";
		};
		F873648826A6A60A00F121DC /* Onboarding */ = {
			isa = PBXGroup;
			children = (
				F873648126A668DE00F121DC /* OnboardingViewController.swift */,
				F8731B09265C019200770760 /* ConceptSelectViewController.swift */,
				F8C284DD265CCD4500B41054 /* CoverColorViewController.swift */,
				F8C284E1265CD4EB00B41054 /* CoverGradientViewController.swift */,
				567BF247265A604100285956 /* CoverCalendarViewController.swift */,
				5686FA4D265A728600B7B9D5 /* CoverUserPhotoViewController.swift */,
			);
			path = Onboarding;
			sourceTree = "<group>";
		};
		F873648926A6A61300F121DC /* Login */ = {
			isa = PBXGroup;
			children = (
				56924E08265635ED00745273 /* LoginMethodViewController.swift */,
			);
			path = Login;
			sourceTree = "<group>";
		};
		F873648C26A6A92900F121DC /* Onboarding */ = {
			isa = PBXGroup;
			children = (
				F873648A26A6A92600F121DC /* OnboardingDescriptionModel.swift */,
			);
			path = Onboarding;
			sourceTree = "<group>";
		};
		F881A73C26FC18E100AEE21E /* PopoConcept */ = {
			isa = PBXGroup;
			children = (
				F881A73D26FC191400AEE21E /* ConceptData.swift */,
			);
			path = PopoConcept;
			sourceTree = "<group>";
		};
		F88491BF26B2DF28007590E9 /* Onboarding */ = {
			isa = PBXGroup;
			children = (
				F8731B01265BE4B400770760 /* Onboarding.storyboard */,
				F8731B0B265C01A800770760 /* ConceptSelect.storyboard */,
				F8C284DB265CCD2300B41054 /* CoverColor.storyboard */,
				F8C284DF265CD4DE00B41054 /* CoverGradient.storyboard */,
				567BF243265A571300285956 /* CoverCalendar.storyboard */,
				567BF245265A5BBE00285956 /* CoverUserPhoto.storyboard */,
			);
			path = Onboarding;
			sourceTree = "<group>";
		};
		F8967D8126F9F66A00F034E3 /* PopoConcept */ = {
			isa = PBXGroup;
			children = (
				56EE71BC265E18BA005AC12A /* ConceptViewController.swift */,
				F8967D8C26F9FA6100F034E3 /* CategoryViewController.swift */,
			);
			path = PopoConcept;
			sourceTree = "<group>";
		};
		F8967D8726F9F6B500F034E3 /* PopoConcept */ = {
			isa = PBXGroup;
			children = (
				56EE71BA265E165B005AC12A /* Concept.storyboard */,
				F8967D9526FA090500F034E3 /* Category.storyboard */,
			);
			path = PopoConcept;
			sourceTree = "<group>";
		};
		F8967D9026FA01C400F034E3 /* PopoConcept */ = {
			isa = PBXGroup;
			children = (
				F8967D9126FA01F300F034E3 /* CategoryCollectionViewCell.swift */,
				F8967D9226FA01F300F034E3 /* CategoryCollectionViewCell.xib */,
			);
			path = PopoConcept;
			sourceTree = "<group>";
		};
/* End PBXGroup section */

/* Begin PBXNativeTarget section */
		562F554826452101000F8CAB /* popo */ = {
			isa = PBXNativeTarget;
			buildConfigurationList = 562F555D26452103000F8CAB /* Build configuration list for PBXNativeTarget "popo" */;
			buildPhases = (
				69F01D214E593292D5C3811C /* [CP] Check Pods Manifest.lock */,
				562F554526452101000F8CAB /* Sources */,
				562F554626452101000F8CAB /* Frameworks */,
				562F554726452101000F8CAB /* Resources */,
				562F557B2645236F000F8CAB /* ShellScript */,
				0190E583A34A730352E31DC3 /* [CP] Embed Pods Frameworks */,
			);
			buildRules = (
			);
			dependencies = (
			);
			name = popo;
			productName = popo;
			productReference = 562F554926452101000F8CAB /* popo.app */;
			productType = "com.apple.product-type.application";
		};
/* End PBXNativeTarget section */

/* Begin PBXProject section */
		562F554126452101000F8CAB /* Project object */ = {
			isa = PBXProject;
			attributes = {
				LastSwiftUpdateCheck = 1250;
				LastUpgradeCheck = 1250;
				TargetAttributes = {
					562F554826452101000F8CAB = {
						CreatedOnToolsVersion = 12.5;
					};
				};
			};
			buildConfigurationList = 562F554426452101000F8CAB /* Build configuration list for PBXProject "popo" */;
			compatibilityVersion = "Xcode 9.3";
			developmentRegion = en;
			hasScannedForEncodings = 0;
			knownRegions = (
				en,
				Base,
			);
			mainGroup = 562F554026452101000F8CAB;
			productRefGroup = 562F554A26452101000F8CAB /* Products */;
			projectDirPath = "";
			projectRoot = "";
			targets = (
				562F554826452101000F8CAB /* popo */,
			);
		};
/* End PBXProject section */

/* Begin PBXResourcesBuildPhase section */
		562F554726452101000F8CAB /* Resources */ = {
			isa = PBXResourcesBuildPhase;
			buildActionMask = 2147483647;
			files = (
				567BF246265A5BBE00285956 /* CoverUserPhoto.storyboard in Resources */,
				562F557D26452408000F8CAB /* .swiftlint.yml in Resources */,
				562F555926452103000F8CAB /* LaunchScreen.storyboard in Resources */,
				F8731B02265BE4B400770760 /* Onboarding.storyboard in Resources */,
				565A1F0827056C7E000CAB1B /* Calendar.storyboard in Resources */,
				562F556C26452208000F8CAB /* Colors.xcassets in Resources */,
				F8967D9426FA01F300F034E3 /* CategoryCollectionViewCell.xib in Resources */,
				F8967D9626FA090500F034E3 /* Category.storyboard in Resources */,
				565A1F162706F58F000CAB1B /* CalendarCollectionViewCell.xib in Resources */,
				F8731B0C265C01A800770760 /* ConceptSelect.storyboard in Resources */,
				565A1F0B2705EEC8000CAB1B /* LoginMethod.storyboard in Resources */,
				F8C284DC265CCD2300B41054 /* CoverColor.storyboard in Resources */,
				F8731B10265C05E900770760 /* ConceptSelectCollectionViewCell.xib in Resources */,
				F873648626A6A5E500F121DC /* OnboardingCollectionViewCell.xib in Resources */,
				56924E07265635DA00745273 /* LoginMethod.storyboard in Resources */,
				562F555626452103000F8CAB /* Assets.xcassets in Resources */,
				F8C284E0265CD4DE00B41054 /* CoverGradient.storyboard in Resources */,
				567BF244265A571300285956 /* CoverCalendar.storyboard in Resources */,
				562F555426452101000F8CAB /* Main.storyboard in Resources */,
				56EE71BB265E165B005AC12A /* Concept.storyboard in Resources */,
			);
			runOnlyForDeploymentPostprocessing = 0;
		};
/* End PBXResourcesBuildPhase section */

/* Begin PBXShellScriptBuildPhase section */
		0190E583A34A730352E31DC3 /* [CP] Embed Pods Frameworks */ = {
			isa = PBXShellScriptBuildPhase;
			buildActionMask = 2147483647;
			files = (
			);
			inputFileListPaths = (
				"${PODS_ROOT}/Target Support Files/Pods-popo/Pods-popo-frameworks-${CONFIGURATION}-input-files.xcfilelist",
			);
			name = "[CP] Embed Pods Frameworks";
			outputFileListPaths = (
				"${PODS_ROOT}/Target Support Files/Pods-popo/Pods-popo-frameworks-${CONFIGURATION}-output-files.xcfilelist",
			);
			runOnlyForDeploymentPostprocessing = 0;
			shellPath = /bin/sh;
			shellScript = "\"${PODS_ROOT}/Target Support Files/Pods-popo/Pods-popo-frameworks.sh\"\n";
			showEnvVarsInLog = 0;
		};
		562F557B2645236F000F8CAB /* ShellScript */ = {
			isa = PBXShellScriptBuildPhase;
			alwaysOutOfDate = 1;
			buildActionMask = 2147483647;
			files = (
			);
			inputFileListPaths = (
			);
			inputPaths = (
			);
			outputFileListPaths = (
			);
			outputPaths = (
			);
			runOnlyForDeploymentPostprocessing = 0;
			shellPath = /bin/sh;
			shellScript = "# Type a script or drag a script file from your workspace to insert its path.\n\"${PODS_ROOT}/SwiftLint/swiftlint\"\n";
		};
		69F01D214E593292D5C3811C /* [CP] Check Pods Manifest.lock */ = {
			isa = PBXShellScriptBuildPhase;
			buildActionMask = 2147483647;
			files = (
			);
			inputFileListPaths = (
			);
			inputPaths = (
				"${PODS_PODFILE_DIR_PATH}/Podfile.lock",
				"${PODS_ROOT}/Manifest.lock",
			);
			name = "[CP] Check Pods Manifest.lock";
			outputFileListPaths = (
			);
			outputPaths = (
				"$(DERIVED_FILE_DIR)/Pods-popo-checkManifestLockResult.txt",
			);
			runOnlyForDeploymentPostprocessing = 0;
			shellPath = /bin/sh;
			shellScript = "diff \"${PODS_PODFILE_DIR_PATH}/Podfile.lock\" \"${PODS_ROOT}/Manifest.lock\" > /dev/null\nif [ $? != 0 ] ; then\n    # print error to STDERR\n    echo \"error: The sandbox is not in sync with the Podfile.lock. Run 'pod install' or update your CocoaPods installation.\" >&2\n    exit 1\nfi\n# This output is used by Xcode 'outputs' to avoid re-running this script phase.\necho \"SUCCESS\" > \"${SCRIPT_OUTPUT_FILE_0}\"\n";
			showEnvVarsInLog = 0;
		};
/* End PBXShellScriptBuildPhase section */

/* Begin PBXSourcesBuildPhase section */
		562F554526452101000F8CAB /* Sources */ = {
			isa = PBXSourcesBuildPhase;
			buildActionMask = 2147483647;
			files = (
				565A1F182706FC22000CAB1B /* AppMonth.swift in Sources */,
				565A1F0527056C47000CAB1B /* CalendarViewController.swift in Sources */,
				F881A74026FC50B200AEE21E /* GenericResponse.swift in Sources */,
				567BF24C265A62C000285956 /* ViewController.swift in Sources */,
				56EE71BD265E18BA005AC12A /* ConceptViewController.swift in Sources */,
				F8C284DE265CCD4500B41054 /* CoverColorViewController.swift in Sources */,
				F8624C5F26B43ADB0067C9DC /* UIColor+Extension.swift in Sources */,
				F816E66226FC6CAB000C0270 /* URL.swift in Sources */,
				56924E09265635ED00745273 /* LoginMethodViewController.swift in Sources */,
				F816E65D26FC631F000C0270 /* FetchPopoListAPI.swift in Sources */,
				562F557A26452252000F8CAB /* ViewExample.swift in Sources */,
				F84AA56C27057633008D77ED /* Xib.swift in Sources */,
				565A1F1D27070768000CAB1B /* Tracker.swift in Sources */,
				F816E66026FC6441000C0270 /* TempAPI.swift in Sources */,
				562F556E26452218000F8CAB /* Const.swift in Sources */,
				F873648B26A6A92600F121DC /* OnboardingDescriptionModel.swift in Sources */,
				F8967D8E26F9FA6100F034E3 /* CategoryViewController.swift in Sources */,
				F8731B0F265C05E900770760 /* ConceptSelectCollectionViewCell.swift in Sources */,
				F873648226A668DE00F121DC /* OnboardingViewController.swift in Sources */,
				F8967D9326FA01F300F034E3 /* CategoryCollectionViewCell.swift in Sources */,
				F8C284E2265CD4EB00B41054 /* CoverGradientViewController.swift in Sources */,
				F816E65A26FC62FD000C0270 /* PopoService.swift in Sources */,
				F881A73E26FC191400AEE21E /* ConceptData.swift in Sources */,
				56924E0B265648EB00745273 /* UIView+Extension.swift in Sources */,
				567BF248265A604100285956 /* CoverCalendarViewController.swift in Sources */,
				562F554D26452101000F8CAB /* AppDelegate.swift in Sources */,
				F8731B0A265C019200770760 /* ConceptSelectViewController.swift in Sources */,
				F881A74226FC588400AEE21E /* NetworkResult.swift in Sources */,
				565A1F1B2707073E000CAB1B /* Calendar.swift in Sources */,
				567BF24A265A626100285956 /* Storyboard.swift in Sources */,
				567840FD265E211300BDBF26 /* UINavigationController+Extension.swift in Sources */,
				F873648526A6A5E500F121DC /* OnboardingCollectionViewCell.swift in Sources */,
				562F554F26452101000F8CAB /* SceneDelegate.swift in Sources */,
				565A1F152706F58F000CAB1B /* CalendarCollectionViewCell.swift in Sources */,
				565A1F0227056B9F000CAB1B /* AppDate.swift in Sources */,
				5686FA4E265A728600B7B9D5 /* CoverUserPhotoViewController.swift in Sources */,
			);
			runOnlyForDeploymentPostprocessing = 0;
		};
/* End PBXSourcesBuildPhase section */

/* Begin PBXVariantGroup section */
		562F555226452101000F8CAB /* Main.storyboard */ = {
			isa = PBXVariantGroup;
			children = (
				562F555326452101000F8CAB /* Base */,
			);
			name = Main.storyboard;
			sourceTree = "<group>";
		};
		562F555726452103000F8CAB /* LaunchScreen.storyboard */ = {
			isa = PBXVariantGroup;
			children = (
				562F555826452103000F8CAB /* Base */,
			);
			name = LaunchScreen.storyboard;
			sourceTree = "<group>";
		};
/* End PBXVariantGroup section */

/* Begin XCBuildConfiguration section */
		562F555B26452103000F8CAB /* Debug */ = {
			isa = XCBuildConfiguration;
			buildSettings = {
				ALWAYS_SEARCH_USER_PATHS = NO;
				CLANG_ANALYZER_NONNULL = YES;
				CLANG_ANALYZER_NUMBER_OBJECT_CONVERSION = YES_AGGRESSIVE;
				CLANG_CXX_LANGUAGE_STANDARD = "gnu++14";
				CLANG_CXX_LIBRARY = "libc++";
				CLANG_ENABLE_MODULES = YES;
				CLANG_ENABLE_OBJC_ARC = YES;
				CLANG_ENABLE_OBJC_WEAK = YES;
				CLANG_WARN_BLOCK_CAPTURE_AUTORELEASING = YES;
				CLANG_WARN_BOOL_CONVERSION = YES;
				CLANG_WARN_COMMA = YES;
				CLANG_WARN_CONSTANT_CONVERSION = YES;
				CLANG_WARN_DEPRECATED_OBJC_IMPLEMENTATIONS = YES;
				CLANG_WARN_DIRECT_OBJC_ISA_USAGE = YES_ERROR;
				CLANG_WARN_DOCUMENTATION_COMMENTS = YES;
				CLANG_WARN_EMPTY_BODY = YES;
				CLANG_WARN_ENUM_CONVERSION = YES;
				CLANG_WARN_INFINITE_RECURSION = YES;
				CLANG_WARN_INT_CONVERSION = YES;
				CLANG_WARN_NON_LITERAL_NULL_CONVERSION = YES;
				CLANG_WARN_OBJC_IMPLICIT_RETAIN_SELF = YES;
				CLANG_WARN_OBJC_LITERAL_CONVERSION = YES;
				CLANG_WARN_OBJC_ROOT_CLASS = YES_ERROR;
				CLANG_WARN_QUOTED_INCLUDE_IN_FRAMEWORK_HEADER = YES;
				CLANG_WARN_RANGE_LOOP_ANALYSIS = YES;
				CLANG_WARN_STRICT_PROTOTYPES = YES;
				CLANG_WARN_SUSPICIOUS_MOVE = YES;
				CLANG_WARN_UNGUARDED_AVAILABILITY = YES_AGGRESSIVE;
				CLANG_WARN_UNREACHABLE_CODE = YES;
				CLANG_WARN__DUPLICATE_METHOD_MATCH = YES;
				COPY_PHASE_STRIP = NO;
				DEBUG_INFORMATION_FORMAT = dwarf;
				ENABLE_STRICT_OBJC_MSGSEND = YES;
				ENABLE_TESTABILITY = YES;
				GCC_C_LANGUAGE_STANDARD = gnu11;
				GCC_DYNAMIC_NO_PIC = NO;
				GCC_NO_COMMON_BLOCKS = YES;
				GCC_OPTIMIZATION_LEVEL = 0;
				GCC_PREPROCESSOR_DEFINITIONS = (
					"DEBUG=1",
					"$(inherited)",
				);
				GCC_WARN_64_TO_32_BIT_CONVERSION = YES;
				GCC_WARN_ABOUT_RETURN_TYPE = YES_ERROR;
				GCC_WARN_UNDECLARED_SELECTOR = YES;
				GCC_WARN_UNINITIALIZED_AUTOS = YES_AGGRESSIVE;
				GCC_WARN_UNUSED_FUNCTION = YES;
				GCC_WARN_UNUSED_VARIABLE = YES;
				IPHONEOS_DEPLOYMENT_TARGET = 14.5;
				MTL_ENABLE_DEBUG_INFO = INCLUDE_SOURCE;
				MTL_FAST_MATH = YES;
				ONLY_ACTIVE_ARCH = YES;
				SDKROOT = iphoneos;
				SWIFT_ACTIVE_COMPILATION_CONDITIONS = DEBUG;
				SWIFT_OPTIMIZATION_LEVEL = "-Onone";
			};
			name = Debug;
		};
		562F555C26452103000F8CAB /* Release */ = {
			isa = XCBuildConfiguration;
			buildSettings = {
				ALWAYS_SEARCH_USER_PATHS = NO;
				CLANG_ANALYZER_NONNULL = YES;
				CLANG_ANALYZER_NUMBER_OBJECT_CONVERSION = YES_AGGRESSIVE;
				CLANG_CXX_LANGUAGE_STANDARD = "gnu++14";
				CLANG_CXX_LIBRARY = "libc++";
				CLANG_ENABLE_MODULES = YES;
				CLANG_ENABLE_OBJC_ARC = YES;
				CLANG_ENABLE_OBJC_WEAK = YES;
				CLANG_WARN_BLOCK_CAPTURE_AUTORELEASING = YES;
				CLANG_WARN_BOOL_CONVERSION = YES;
				CLANG_WARN_COMMA = YES;
				CLANG_WARN_CONSTANT_CONVERSION = YES;
				CLANG_WARN_DEPRECATED_OBJC_IMPLEMENTATIONS = YES;
				CLANG_WARN_DIRECT_OBJC_ISA_USAGE = YES_ERROR;
				CLANG_WARN_DOCUMENTATION_COMMENTS = YES;
				CLANG_WARN_EMPTY_BODY = YES;
				CLANG_WARN_ENUM_CONVERSION = YES;
				CLANG_WARN_INFINITE_RECURSION = YES;
				CLANG_WARN_INT_CONVERSION = YES;
				CLANG_WARN_NON_LITERAL_NULL_CONVERSION = YES;
				CLANG_WARN_OBJC_IMPLICIT_RETAIN_SELF = YES;
				CLANG_WARN_OBJC_LITERAL_CONVERSION = YES;
				CLANG_WARN_OBJC_ROOT_CLASS = YES_ERROR;
				CLANG_WARN_QUOTED_INCLUDE_IN_FRAMEWORK_HEADER = YES;
				CLANG_WARN_RANGE_LOOP_ANALYSIS = YES;
				CLANG_WARN_STRICT_PROTOTYPES = YES;
				CLANG_WARN_SUSPICIOUS_MOVE = YES;
				CLANG_WARN_UNGUARDED_AVAILABILITY = YES_AGGRESSIVE;
				CLANG_WARN_UNREACHABLE_CODE = YES;
				CLANG_WARN__DUPLICATE_METHOD_MATCH = YES;
				COPY_PHASE_STRIP = NO;
				DEBUG_INFORMATION_FORMAT = "dwarf-with-dsym";
				ENABLE_NS_ASSERTIONS = NO;
				ENABLE_STRICT_OBJC_MSGSEND = YES;
				GCC_C_LANGUAGE_STANDARD = gnu11;
				GCC_NO_COMMON_BLOCKS = YES;
				GCC_WARN_64_TO_32_BIT_CONVERSION = YES;
				GCC_WARN_ABOUT_RETURN_TYPE = YES_ERROR;
				GCC_WARN_UNDECLARED_SELECTOR = YES;
				GCC_WARN_UNINITIALIZED_AUTOS = YES_AGGRESSIVE;
				GCC_WARN_UNUSED_FUNCTION = YES;
				GCC_WARN_UNUSED_VARIABLE = YES;
				IPHONEOS_DEPLOYMENT_TARGET = 14.5;
				MTL_ENABLE_DEBUG_INFO = NO;
				MTL_FAST_MATH = YES;
				SDKROOT = iphoneos;
				SWIFT_COMPILATION_MODE = wholemodule;
				SWIFT_OPTIMIZATION_LEVEL = "-O";
				VALIDATE_PRODUCT = YES;
			};
			name = Release;
		};
		562F555E26452103000F8CAB /* Debug */ = {
			isa = XCBuildConfiguration;
			baseConfigurationReference = 46D416DBDAAD31ECC66F3B35 /* Pods-popo.debug.xcconfig */;
			buildSettings = {
				ASSETCATALOG_COMPILER_APPICON_NAME = AppIcon;
				ASSETCATALOG_COMPILER_GLOBAL_ACCENT_COLOR_NAME = AccentColor;
				CODE_SIGN_STYLE = Automatic;
				DEVELOPMENT_TEAM = T8C9SSEX5G;
				INFOPLIST_FILE = popo/Resources/Info.plist;
				LD_RUNPATH_SEARCH_PATHS = (
					"$(inherited)",
					"@executable_path/Frameworks",
				);
				MARKETING_VERSION = 1.0.0;
				PRODUCT_BUNDLE_IDENTIFIER = com.hyun99999.popo;
				PRODUCT_NAME = "$(TARGET_NAME)";
				SWIFT_VERSION = 5.0;
				TARGETED_DEVICE_FAMILY = 1;
			};
			name = Debug;
		};
		562F555F26452103000F8CAB /* Release */ = {
			isa = XCBuildConfiguration;
			baseConfigurationReference = C232EAFF605BCD2CA3B4168B /* Pods-popo.release.xcconfig */;
			buildSettings = {
				ASSETCATALOG_COMPILER_APPICON_NAME = AppIcon;
				ASSETCATALOG_COMPILER_GLOBAL_ACCENT_COLOR_NAME = AccentColor;
				CODE_SIGN_STYLE = Automatic;
				DEVELOPMENT_TEAM = T8C9SSEX5G;
				INFOPLIST_FILE = popo/Resources/Info.plist;
				LD_RUNPATH_SEARCH_PATHS = (
					"$(inherited)",
					"@executable_path/Frameworks",
				);
				MARKETING_VERSION = 1.0.0;
				PRODUCT_BUNDLE_IDENTIFIER = com.hyun99999.popo;
				PRODUCT_NAME = "$(TARGET_NAME)";
				SWIFT_VERSION = 5.0;
				TARGETED_DEVICE_FAMILY = 1;
			};
			name = Release;
		};
/* End XCBuildConfiguration section */

/* Begin XCConfigurationList section */
		562F554426452101000F8CAB /* Build configuration list for PBXProject "popo" */ = {
			isa = XCConfigurationList;
			buildConfigurations = (
				562F555B26452103000F8CAB /* Debug */,
				562F555C26452103000F8CAB /* Release */,
			);
			defaultConfigurationIsVisible = 0;
			defaultConfigurationName = Release;
		};
		562F555D26452103000F8CAB /* Build configuration list for PBXNativeTarget "popo" */ = {
			isa = XCConfigurationList;
			buildConfigurations = (
				562F555E26452103000F8CAB /* Debug */,
				562F555F26452103000F8CAB /* Release */,
			);
			defaultConfigurationIsVisible = 0;
			defaultConfigurationName = Release;
		};
/* End XCConfigurationList section */
	};
	rootObject = 562F554126452101000F8CAB /* Project object */;
}
